
Microsoft Visual Studio Solution File, Format Version 12.00
# Visual Studio Version 17
VisualStudioVersion = 17.5.002.0
MinimumVisualStudioVersion = 10.0.40219.1
Project("{9A19103F-16F7-4668-BE54-9A1E7A4F7556}") = "BigCat3997.WeatherForecastApp", "BigCat3997.WeatherForecastApp.csproj", "{8083FFB3-2A15-4E68-A6F3-122200472D45}"
EndProject
Global
	GlobalSection(SolutionConfigurationPlatforms) = preSolution
		Debug|Any CPU = Debug|Any CPU
		Release|Any CPU = Release|Any CPU
	EndGlobalSection
	GlobalSection(ProjectConfigurationPlatforms) = postSolution
		{8083FFB3-2A15-4E68-A6F3-122200472D45}.Debug|Any CPU.ActiveCfg = Debug|Any CPU
		{8083FFB3-2A15-4E68-A6F3-122200472D45}.Debug|Any CPU.Build.0 = Debug|Any CPU
		{8083FFB3-2A15-4E68-A6F3-122200472D45}.Release|Any CPU.ActiveCfg = Release|Any CPU
		{8083FFB3-2A15-4E68-A6F3-122200472D45}.Release|Any CPU.Build.0 = Release|Any CPU
	EndGlobalSection
	GlobalSection(SolutionProperties) = preSolution
		HideSolutionNode = FALSE
	EndGlobalSection
	GlobalSection(ExtensibilityGlobals) = postSolution
		SolutionGuid = {35BE0051-B618-4F82-BB7F-7A0D5E80456A}
	EndGlobalSection
EndGlobal
